<?xml version="1.0" encoding="UTF-8"?>
<Scheme
   version = "1.3">
   <BuildAction>
      <BuildActionEntries>
         <BuildActionEntry
            buildForRunning = "YES">
            <BuildableReference
               BuildableIdentifier = "primary"
               BlueprintIdentifier = "0A67E1892034A1B3001BF55A"
               BuildableName = "Effective Swift App.app"
               BlueprintName = "Effective Swift App"
               ReferencedContainer = "container:Effective Swift App.xcodeproj">
            </BuildableReference>
         </BuildActionEntry>
      </BuildActionEntries>
   </BuildAction>
   <LaunchAction
      useCustomWorkingDirectory = "NO"
      buildConfiguration = "Debug">
      <BuildableProductRunnable>
         <BuildableReference
            BuildableIdentifier = "primary"
            BlueprintIdentifier = "0A67E1892034A1B3001BF55A"
            BuildableName = "Effective Swift App.app"
            BlueprintName = "Effective Swift App"
            ReferencedContainer = "container:Effective Swift App.xcodeproj">
         </BuildableReference>
      </BuildableProductRunnable>
   </LaunchAction>
</Scheme>
